
Microsoft Visual Studio Solution File, Format Version 12.00
# Visual Studio Version 17
VisualStudioVersion = 17.7.34024.191
MinimumVisualStudioVersion = 10.0.40219.1
Project("{FAE04EC0-301F-11D3-BF4B-00C04F79EFBC}") = "pr3", "pr3\pr3.csproj", "{ACA1D168-8083-455A-9F6E-CBE5D3349A47}"
EndProject
Project("{FAE04EC0-301F-11D3-BF4B-00C04F79EFBC}") = "HashPassword", "HashPassword\HashPassword.csproj", "{C71C6A6D-B470-44B7-A5BD-1001DD9C45FC}"
EndProject
Project("{FAE04EC0-301F-11D3-BF4B-00C04F79EFBC}") = "pr5", "pr5\pr5.csproj", "{BC91D533-062E-4F16-B18C-C0FC009CEF2F}"
EndProject
Global
	GlobalSection(SolutionConfigurationPlatforms) = preSolution
		Debug|Any CPU = Debug|Any CPU
		Release|Any CPU = Release|Any CPU
	EndGlobalSection
	GlobalSection(ProjectConfigurationPlatforms) = postSolution
		{ACA1D168-8083-455A-9F6E-CBE5D3349A47}.Debug|Any CPU.ActiveCfg = Debug|Any CPU
		{ACA1D168-8083-455A-9F6E-CBE5D3349A47}.Debug|Any CPU.Build.0 = Debug|Any CPU
		{ACA1D168-8083-455A-9F6E-CBE5D3349A47}.Release|Any CPU.ActiveCfg = Release|Any CPU
		{ACA1D168-8083-455A-9F6E-CBE5D3349A47}.Release|Any CPU.Build.0 = Release|Any CPU
		{C71C6A6D-B470-44B7-A5BD-1001DD9C45FC}.Debug|Any CPU.ActiveCfg = Debug|Any CPU
		{C71C6A6D-B470-44B7-A5BD-1001DD9C45FC}.Debug|Any CPU.Build.0 = Debug|Any CPU
		{C71C6A6D-B470-44B7-A5BD-1001DD9C45FC}.Release|Any CPU.ActiveCfg = Release|Any CPU
		{C71C6A6D-B470-44B7-A5BD-1001DD9C45FC}.Release|Any CPU.Build.0 = Release|Any CPU
		{BC91D533-062E-4F16-B18C-C0FC009CEF2F}.Debug|Any CPU.ActiveCfg = Debug|Any CPU
		{BC91D533-062E-4F16-B18C-C0FC009CEF2F}.Debug|Any CPU.Build.0 = Debug|Any CPU
		{BC91D533-062E-4F16-B18C-C0FC009CEF2F}.Release|Any CPU.ActiveCfg = Release|Any CPU
		{BC91D533-062E-4F16-B18C-C0FC009CEF2F}.Release|Any CPU.Build.0 = Release|Any CPU
	EndGlobalSection
	GlobalSection(SolutionProperties) = preSolution
		HideSolutionNode = FALSE
	EndGlobalSection
	GlobalSection(ExtensibilityGlobals) = postSolution
		SolutionGuid = {1397DE4E-134A-4763-9BA3-996DD9F70BB3}
	EndGlobalSection
EndGlobal
